// !$*UTF8*$!
{
	archiveVersion = 1;
	classes = {
	};
	objectVersion = 51;
	objects = {

/* Begin PBXBuildFile section */
		2111437F22DBE526000323BF /* AppDelegate.swift in Sources */ = {isa = PBXBuildFile; fileRef = 2111437E22DBE526000323BF /* AppDelegate.swift */; };
		2111438122DBE526000323BF /* MedicationController.swift in Sources */ = {isa = PBXBuildFile; fileRef = 2111438022DBE526000323BF /* MedicationController.swift */; };
		2111438422DBE526000323BF /* Main.storyboard in Resources */ = {isa = PBXBuildFile; fileRef = 2111438222DBE526000323BF /* Main.storyboard */; };
		2111438622DBE527000323BF /* Assets.xcassets in Resources */ = {isa = PBXBuildFile; fileRef = 2111438522DBE527000323BF /* Assets.xcassets */; };
		2111439422DBE527000323BF /* PillBuddiesTests.swift in Sources */ = {isa = PBXBuildFile; fileRef = 2111439322DBE527000323BF /* PillBuddiesTests.swift */; };
		65CFFC8857797EB067948457 /* Pods_PillBuddiesTests.framework in Frameworks */ = {isa = PBXBuildFile; fileRef = D69C136AA7AF612FF2DF5523 /* Pods_PillBuddiesTests.framework */; };
		83C78960E2F0448C0344A061 /* Pods_PillBuddies.framework in Frameworks */ = {isa = PBXBuildFile; fileRef = 4F496EF5E1BB785F4BF39D97 /* Pods_PillBuddies.framework */; };
		EC245E8E2332CD7E0017A258 /* lightbulb_outline.svg in Resources */ = {isa = PBXBuildFile; fileRef = EC245E8A2332CD7E0017A258 /* lightbulb_outline.svg */; };
		EC245E8F2332CD7E0017A258 /* search.svg in Resources */ = {isa = PBXBuildFile; fileRef = EC245E8B2332CD7E0017A258 /* search.svg */; };
		EC245E902332CD7E0017A258 /* format_list_bulleted.svg in Resources */ = {isa = PBXBuildFile; fileRef = EC245E8C2332CD7E0017A258 /* format_list_bulleted.svg */; };
		EC245E912332CD7E0017A258 /* graph-v2.svg in Resources */ = {isa = PBXBuildFile; fileRef = EC245E8D2332CD7E0017A258 /* graph-v2.svg */; };
		EC3759F9233E975E0088465F /* pillPals.xcdatamodeld in Sources */ = {isa = PBXBuildFile; fileRef = EC3759F7233E975E0088465F /* pillPals.xcdatamodeld */; };
		EC6241162335129D00AAA0EE /* account_circle.svg in Resources */ = {isa = PBXBuildFile; fileRef = EC6241132335129C00AAA0EE /* account_circle.svg */; };
		EC6241172335129D00AAA0EE /* settings.svg in Resources */ = {isa = PBXBuildFile; fileRef = EC6241142335129C00AAA0EE /* settings.svg */; };
		EC6241182335129D00AAA0EE /* stars.svg in Resources */ = {isa = PBXBuildFile; fileRef = EC6241152335129C00AAA0EE /* stars.svg */; };
		EC62411A233515D300AAA0EE /* RecommendationsController.swift in Sources */ = {isa = PBXBuildFile; fileRef = EC624119233515D300AAA0EE /* RecommendationsController.swift */; };
		EC62411C2335161000AAA0EE /* GraphsController.swift in Sources */ = {isa = PBXBuildFile; fileRef = EC62411B2335160F00AAA0EE /* GraphsController.swift */; };
		EC62411E2335163400AAA0EE /* SearchController.swift in Sources */ = {isa = PBXBuildFile; fileRef = EC62411D2335163400AAA0EE /* SearchController.swift */; };
		EC62412023351ABC00AAA0EE /* DismissSegue.swift in Sources */ = {isa = PBXBuildFile; fileRef = EC62411F23351ABC00AAA0EE /* DismissSegue.swift */; };
		EC6D0EC72329A31C00EC4DDE /* TabBarController.swift in Sources */ = {isa = PBXBuildFile; fileRef = EC6D0EC62329A31C00EC4DDE /* TabBarController.swift */; };
		EC6D0ECB2329C44700EC4DDE /* DashboardController.swift in Sources */ = {isa = PBXBuildFile; fileRef = EC6D0ECA2329C44700EC4DDE /* DashboardController.swift */; };
		EC6D0ECD2329D23600EC4DDE /* HistoryController.swift in Sources */ = {isa = PBXBuildFile; fileRef = EC6D0ECC2329D23600EC4DDE /* HistoryController.swift */; };
		EC6D0ECF232A7E1D00EC4DDE /* Extensions.swift in Sources */ = {isa = PBXBuildFile; fileRef = EC6D0ECE232A7E1D00EC4DDE /* Extensions.swift */; };
		EC6D0ED0232A7F1B00EC4DDE /* Extensions.swift in Sources */ = {isa = PBXBuildFile; fileRef = EC6D0ECE232A7E1D00EC4DDE /* Extensions.swift */; };
		EC6D0ED2232A82EB00EC4DDE /* NavBarController.swift in Sources */ = {isa = PBXBuildFile; fileRef = EC6D0ED1232A82EB00EC4DDE /* NavBarController.swift */; };
		EC6D0EF0232C1CD800EC4DDE /* Roboto-Bold.ttf in Resources */ = {isa = PBXBuildFile; fileRef = EC6D0EEE232C19D500EC4DDE /* Roboto-Bold.ttf */; };
		EC6D0EF2232C1CDC00EC4DDE /* Roboto-Black.ttf in Resources */ = {isa = PBXBuildFile; fileRef = EC6D0EEC232C19D500EC4DDE /* Roboto-Black.ttf */; };
		EC6D0EF3232C1CE200EC4DDE /* Roboto-BlackItalic.ttf in Resources */ = {isa = PBXBuildFile; fileRef = EC6D0EEB232C19D500EC4DDE /* Roboto-BlackItalic.ttf */; };
		EC6D0EF4232C1CE200EC4DDE /* Roboto-BoldItalic.ttf in Resources */ = {isa = PBXBuildFile; fileRef = EC6D0EE4232C19D500EC4DDE /* Roboto-BoldItalic.ttf */; };
		EC6D0EF5232C1CE200EC4DDE /* Roboto-Light.ttf in Resources */ = {isa = PBXBuildFile; fileRef = EC6D0EE5232C19D500EC4DDE /* Roboto-Light.ttf */; };
		EC6D0EF6232C1CE200EC4DDE /* Roboto-LightItalic.ttf in Resources */ = {isa = PBXBuildFile; fileRef = EC6D0EE6232C19D500EC4DDE /* Roboto-LightItalic.ttf */; };
		EC6D0EF7232C1CE200EC4DDE /* Roboto-Medium.ttf in Resources */ = {isa = PBXBuildFile; fileRef = EC6D0EE9232C19D500EC4DDE /* Roboto-Medium.ttf */; };
		EC6D0EF8232C1CE200EC4DDE /* Roboto-MediumItalic.ttf in Resources */ = {isa = PBXBuildFile; fileRef = EC6D0EE7232C19D500EC4DDE /* Roboto-MediumItalic.ttf */; };
		EC6D0EF9232C1CE200EC4DDE /* Roboto-Regular.ttf in Resources */ = {isa = PBXBuildFile; fileRef = EC6D0EED232C19D500EC4DDE /* Roboto-Regular.ttf */; };
		EC6D0EFA232C1CE200EC4DDE /* Roboto-RegularItalic.ttf in Resources */ = {isa = PBXBuildFile; fileRef = EC6D0EEF232C19D500EC4DDE /* Roboto-RegularItalic.ttf */; };
		EC6D0EFB232C1CE200EC4DDE /* Roboto-Thin.ttf in Resources */ = {isa = PBXBuildFile; fileRef = EC6D0EE8232C19D500EC4DDE /* Roboto-Thin.ttf */; };
		EC6D0EFC232C1CE200EC4DDE /* Roboto-ThinItalic.ttf in Resources */ = {isa = PBXBuildFile; fileRef = EC6D0EEA232C19D500EC4DDE /* Roboto-ThinItalic.ttf */; };
		EC8BB0A023301B6F00A46A76 /* BaseViewController.swift in Sources */ = {isa = PBXBuildFile; fileRef = EC8BB09F23301B6F00A46A76 /* BaseViewController.swift */; };
		EC9506B0234A5EFA00DEC97F /* DesignSystem.framework in Frameworks */ = {isa = PBXBuildFile; fileRef = EC9506AF234A5EFA00DEC97F /* DesignSystem.framework */; };
		EC9506B1234A5EFA00DEC97F /* DesignSystem.framework in Embed Frameworks */ = {isa = PBXBuildFile; fileRef = EC9506AF234A5EFA00DEC97F /* DesignSystem.framework */; settings = {ATTRIBUTES = (CodeSignOnCopy, RemoveHeadersOnCopy, ); }; };
		ECCFD55523316A36007A6A64 /* pill-v5.svg in Resources */ = {isa = PBXBuildFile; fileRef = ECCFD554233165CF007A6A64 /* pill-v5.svg */; };
/* End PBXBuildFile section */

/* Begin PBXContainerItemProxy section */
		2111439022DBE527000323BF /* PBXContainerItemProxy */ = {
			isa = PBXContainerItemProxy;
			containerPortal = 2111437322DBE526000323BF /* Project object */;
			proxyType = 1;
			remoteGlobalIDString = 2111437A22DBE526000323BF;
			remoteInfo = PillBuddies;
		};
/* End PBXContainerItemProxy section */

/* Begin PBXCopyFilesBuildPhase section */
		EC9506B2234A5EFA00DEC97F /* Embed Frameworks */ = {
			isa = PBXCopyFilesBuildPhase;
			buildActionMask = 2147483647;
			dstPath = "";
			dstSubfolderSpec = 10;
			files = (
				EC9506B1234A5EFA00DEC97F /* DesignSystem.framework in Embed Frameworks */,
			);
			name = "Embed Frameworks";
			runOnlyForDeploymentPostprocessing = 0;
		};
/* End PBXCopyFilesBuildPhase section */

/* Begin PBXFileReference section */
		2111437B22DBE526000323BF /* PillBuddies.app */ = {isa = PBXFileReference; explicitFileType = wrapper.application; includeInIndex = 0; path = PillBuddies.app; sourceTree = BUILT_PRODUCTS_DIR; };
		2111437E22DBE526000323BF /* AppDelegate.swift */ = {isa = PBXFileReference; lastKnownFileType = sourcecode.swift; path = AppDelegate.swift; sourceTree = "<group>"; };
		2111438022DBE526000323BF /* MedicationController.swift */ = {isa = PBXFileReference; lastKnownFileType = sourcecode.swift; path = MedicationController.swift; sourceTree = "<group>"; };
		2111438322DBE526000323BF /* Base */ = {isa = PBXFileReference; lastKnownFileType = file.storyboard; name = Base; path = Base.lproj/Main.storyboard; sourceTree = "<group>"; };
		2111438522DBE527000323BF /* Assets.xcassets */ = {isa = PBXFileReference; lastKnownFileType = folder.assetcatalog; path = Assets.xcassets; sourceTree = "<group>"; };
		2111438A22DBE527000323BF /* Info.plist */ = {isa = PBXFileReference; lastKnownFileType = text.plist.xml; path = Info.plist; sourceTree = "<group>"; };
		2111438F22DBE527000323BF /* PillBuddiesTests.xctest */ = {isa = PBXFileReference; explicitFileType = wrapper.cfbundle; includeInIndex = 0; path = PillBuddiesTests.xctest; sourceTree = BUILT_PRODUCTS_DIR; };
		2111439322DBE527000323BF /* PillBuddiesTests.swift */ = {isa = PBXFileReference; lastKnownFileType = sourcecode.swift; path = PillBuddiesTests.swift; sourceTree = "<group>"; };
		2111439522DBE527000323BF /* Info.plist */ = {isa = PBXFileReference; lastKnownFileType = text.plist.xml; path = Info.plist; sourceTree = "<group>"; };
		4F496EF5E1BB785F4BF39D97 /* Pods_PillBuddies.framework */ = {isa = PBXFileReference; explicitFileType = wrapper.framework; includeInIndex = 0; path = Pods_PillBuddies.framework; sourceTree = BUILT_PRODUCTS_DIR; };
		54FDDC760DF0900B8118300E /* Pods-PillBuddies.debug.xcconfig */ = {isa = PBXFileReference; includeInIndex = 1; lastKnownFileType = text.xcconfig; name = "Pods-PillBuddies.debug.xcconfig"; path = "Target Support Files/Pods-PillBuddies/Pods-PillBuddies.debug.xcconfig"; sourceTree = "<group>"; };
		5ECDEDA76ACBD6F61465FC02 /* Pods-PillBuddies.release.xcconfig */ = {isa = PBXFileReference; includeInIndex = 1; lastKnownFileType = text.xcconfig; name = "Pods-PillBuddies.release.xcconfig"; path = "Target Support Files/Pods-PillBuddies/Pods-PillBuddies.release.xcconfig"; sourceTree = "<group>"; };
		98994288CA409313B7152E30 /* Pods-PillBuddiesTests.debug.xcconfig */ = {isa = PBXFileReference; includeInIndex = 1; lastKnownFileType = text.xcconfig; name = "Pods-PillBuddiesTests.debug.xcconfig"; path = "Target Support Files/Pods-PillBuddiesTests/Pods-PillBuddiesTests.debug.xcconfig"; sourceTree = "<group>"; };
		D69C136AA7AF612FF2DF5523 /* Pods_PillBuddiesTests.framework */ = {isa = PBXFileReference; explicitFileType = wrapper.framework; includeInIndex = 0; path = Pods_PillBuddiesTests.framework; sourceTree = BUILT_PRODUCTS_DIR; };
		EC245E8A2332CD7E0017A258 /* lightbulb_outline.svg */ = {isa = PBXFileReference; fileEncoding = 4; lastKnownFileType = text; path = lightbulb_outline.svg; sourceTree = "<group>"; };
		EC245E8B2332CD7E0017A258 /* search.svg */ = {isa = PBXFileReference; fileEncoding = 4; lastKnownFileType = text; path = search.svg; sourceTree = "<group>"; };
		EC245E8C2332CD7E0017A258 /* format_list_bulleted.svg */ = {isa = PBXFileReference; fileEncoding = 4; lastKnownFileType = text; path = format_list_bulleted.svg; sourceTree = "<group>"; };
		EC245E8D2332CD7E0017A258 /* graph-v2.svg */ = {isa = PBXFileReference; fileEncoding = 4; lastKnownFileType = text; path = "graph-v2.svg"; sourceTree = "<group>"; };
		EC3759F8233E975E0088465F /* pillPals.xcdatamodel */ = {isa = PBXFileReference; lastKnownFileType = wrapper.xcdatamodel; path = pillPals.xcdatamodel; sourceTree = "<group>"; };
		EC6241132335129C00AAA0EE /* account_circle.svg */ = {isa = PBXFileReference; fileEncoding = 4; lastKnownFileType = text; path = account_circle.svg; sourceTree = "<group>"; };
		EC6241142335129C00AAA0EE /* settings.svg */ = {isa = PBXFileReference; fileEncoding = 4; lastKnownFileType = text; path = settings.svg; sourceTree = "<group>"; };
		EC6241152335129C00AAA0EE /* stars.svg */ = {isa = PBXFileReference; fileEncoding = 4; lastKnownFileType = text; path = stars.svg; sourceTree = "<group>"; };
		EC624119233515D300AAA0EE /* RecommendationsController.swift */ = {isa = PBXFileReference; lastKnownFileType = sourcecode.swift; path = RecommendationsController.swift; sourceTree = "<group>"; };
		EC62411B2335160F00AAA0EE /* GraphsController.swift */ = {isa = PBXFileReference; lastKnownFileType = sourcecode.swift; path = GraphsController.swift; sourceTree = "<group>"; };
		EC62411D2335163400AAA0EE /* SearchController.swift */ = {isa = PBXFileReference; lastKnownFileType = sourcecode.swift; path = SearchController.swift; sourceTree = "<group>"; };
		EC62411F23351ABC00AAA0EE /* DismissSegue.swift */ = {isa = PBXFileReference; lastKnownFileType = sourcecode.swift; path = DismissSegue.swift; sourceTree = "<group>"; };
		EC6D0EC62329A31C00EC4DDE /* TabBarController.swift */ = {isa = PBXFileReference; lastKnownFileType = sourcecode.swift; path = TabBarController.swift; sourceTree = "<group>"; };
		EC6D0ECA2329C44700EC4DDE /* DashboardController.swift */ = {isa = PBXFileReference; lastKnownFileType = sourcecode.swift; path = DashboardController.swift; sourceTree = "<group>"; };
		EC6D0ECC2329D23600EC4DDE /* HistoryController.swift */ = {isa = PBXFileReference; lastKnownFileType = sourcecode.swift; path = HistoryController.swift; sourceTree = "<group>"; };
		EC6D0ECE232A7E1D00EC4DDE /* Extensions.swift */ = {isa = PBXFileReference; lastKnownFileType = sourcecode.swift; path = Extensions.swift; sourceTree = "<group>"; };
		EC6D0ED1232A82EB00EC4DDE /* NavBarController.swift */ = {isa = PBXFileReference; lastKnownFileType = sourcecode.swift; path = NavBarController.swift; sourceTree = "<group>"; };
		EC6D0EE4232C19D500EC4DDE /* Roboto-BoldItalic.ttf */ = {isa = PBXFileReference; lastKnownFileType = file; path = "Roboto-BoldItalic.ttf"; sourceTree = "<group>"; };
		EC6D0EE5232C19D500EC4DDE /* Roboto-Light.ttf */ = {isa = PBXFileReference; lastKnownFileType = file; path = "Roboto-Light.ttf"; sourceTree = "<group>"; };
		EC6D0EE6232C19D500EC4DDE /* Roboto-LightItalic.ttf */ = {isa = PBXFileReference; lastKnownFileType = file; path = "Roboto-LightItalic.ttf"; sourceTree = "<group>"; };
		EC6D0EE7232C19D500EC4DDE /* Roboto-MediumItalic.ttf */ = {isa = PBXFileReference; lastKnownFileType = file; path = "Roboto-MediumItalic.ttf"; sourceTree = "<group>"; };
		EC6D0EE8232C19D500EC4DDE /* Roboto-Thin.ttf */ = {isa = PBXFileReference; lastKnownFileType = file; path = "Roboto-Thin.ttf"; sourceTree = "<group>"; };
		EC6D0EE9232C19D500EC4DDE /* Roboto-Medium.ttf */ = {isa = PBXFileReference; lastKnownFileType = file; path = "Roboto-Medium.ttf"; sourceTree = "<group>"; };
		EC6D0EEA232C19D500EC4DDE /* Roboto-ThinItalic.ttf */ = {isa = PBXFileReference; lastKnownFileType = file; path = "Roboto-ThinItalic.ttf"; sourceTree = "<group>"; };
		EC6D0EEB232C19D500EC4DDE /* Roboto-BlackItalic.ttf */ = {isa = PBXFileReference; lastKnownFileType = file; path = "Roboto-BlackItalic.ttf"; sourceTree = "<group>"; };
		EC6D0EEC232C19D500EC4DDE /* Roboto-Black.ttf */ = {isa = PBXFileReference; lastKnownFileType = file; path = "Roboto-Black.ttf"; sourceTree = "<group>"; };
		EC6D0EED232C19D500EC4DDE /* Roboto-Regular.ttf */ = {isa = PBXFileReference; lastKnownFileType = file; path = "Roboto-Regular.ttf"; sourceTree = "<group>"; };
		EC6D0EEE232C19D500EC4DDE /* Roboto-Bold.ttf */ = {isa = PBXFileReference; lastKnownFileType = file; path = "Roboto-Bold.ttf"; sourceTree = "<group>"; };
		EC6D0EEF232C19D500EC4DDE /* Roboto-RegularItalic.ttf */ = {isa = PBXFileReference; lastKnownFileType = file; path = "Roboto-RegularItalic.ttf"; sourceTree = "<group>"; };
		EC74C9A12339A7DF00C5CE79 /* DesignSystem.framework */ = {isa = PBXFileReference; explicitFileType = wrapper.framework; path = DesignSystem.framework; sourceTree = BUILT_PRODUCTS_DIR; };
		EC76BBE9233EF73500CFD814 /* DesignSystem.framework */ = {isa = PBXFileReference; explicitFileType = wrapper.framework; path = DesignSystem.framework; sourceTree = BUILT_PRODUCTS_DIR; };
		EC8BB09F23301B6F00A46A76 /* BaseViewController.swift */ = {isa = PBXFileReference; lastKnownFileType = sourcecode.swift; path = BaseViewController.swift; sourceTree = "<group>"; };
		EC9506AF234A5EFA00DEC97F /* DesignSystem.framework */ = {isa = PBXFileReference; explicitFileType = wrapper.framework; path = DesignSystem.framework; sourceTree = BUILT_PRODUCTS_DIR; };
		ECCFD554233165CF007A6A64 /* pill-v5.svg */ = {isa = PBXFileReference; lastKnownFileType = text; path = "pill-v5.svg"; sourceTree = "<group>"; };
		F53197B993DE2E230D426368 /* Pods-PillBuddiesTests.release.xcconfig */ = {isa = PBXFileReference; includeInIndex = 1; lastKnownFileType = text.xcconfig; name = "Pods-PillBuddiesTests.release.xcconfig"; path = "Target Support Files/Pods-PillBuddiesTests/Pods-PillBuddiesTests.release.xcconfig"; sourceTree = "<group>"; };
/* End PBXFileReference section */

/* Begin PBXFrameworksBuildPhase section */
		2111437822DBE526000323BF /* Frameworks */ = {
			isa = PBXFrameworksBuildPhase;
			buildActionMask = 2147483647;
			files = (
				83C78960E2F0448C0344A061 /* Pods_PillBuddies.framework in Frameworks */,
				EC9506B0234A5EFA00DEC97F /* DesignSystem.framework in Frameworks */,
			);
			runOnlyForDeploymentPostprocessing = 0;
		};
		2111438C22DBE527000323BF /* Frameworks */ = {
			isa = PBXFrameworksBuildPhase;
			buildActionMask = 2147483647;
			files = (
				65CFFC8857797EB067948457 /* Pods_PillBuddiesTests.framework in Frameworks */,
			);
			runOnlyForDeploymentPostprocessing = 0;
		};
/* End PBXFrameworksBuildPhase section */

/* Begin PBXGroup section */
		2111437222DBE526000323BF = {
			isa = PBXGroup;
			children = (
				2111437D22DBE526000323BF /* PillBuddies */,
				2111439222DBE527000323BF /* PillBuddiesTests */,
				2111437C22DBE526000323BF /* Products */,
				EA437A8FA47D8282CC29AF35 /* Pods */,
				9A495013475BD6475003BD44 /* Frameworks */,
			);
			sourceTree = "<group>";
		};
		2111437C22DBE526000323BF /* Products */ = {
			isa = PBXGroup;
			children = (
				2111437B22DBE526000323BF /* PillBuddies.app */,
				2111438F22DBE527000323BF /* PillBuddiesTests.xctest */,
			);
			name = Products;
			sourceTree = "<group>";
		};
		2111437D22DBE526000323BF /* PillBuddies */ = {
			isa = PBXGroup;
			children = (
				ECCFD55623316A4B007A6A64 /* SVGAssets */,
				2111437E22DBE526000323BF /* AppDelegate.swift */,
				EC3759F7233E975E0088465F /* pillPals.xcdatamodeld */,
				EC6D0ECE232A7E1D00EC4DDE /* Extensions.swift */,
				2111438022DBE526000323BF /* MedicationController.swift */,
				EC6D0ECA2329C44700EC4DDE /* DashboardController.swift */,
				2111438222DBE526000323BF /* Main.storyboard */,
				EC62411B2335160F00AAA0EE /* GraphsController.swift */,
				EC62411D2335163400AAA0EE /* SearchController.swift */,
				EC6D0ED1232A82EB00EC4DDE /* NavBarController.swift */,
				2111438522DBE527000323BF /* Assets.xcassets */,
				2111438A22DBE527000323BF /* Info.plist */,
				EC6D0EC62329A31C00EC4DDE /* TabBarController.swift */,
				EC624119233515D300AAA0EE /* RecommendationsController.swift */,
				EC6D0ECC2329D23600EC4DDE /* HistoryController.swift */,
				EC8BB09F23301B6F00A46A76 /* BaseViewController.swift */,
				EC62411F23351ABC00AAA0EE /* DismissSegue.swift */,
				EC6D0EE3232C19CD00EC4DDE /* fonts */,
			);
			path = PillBuddies;
			sourceTree = "<group>";
		};
		2111439222DBE527000323BF /* PillBuddiesTests */ = {
			isa = PBXGroup;
			children = (
				2111439322DBE527000323BF /* PillBuddiesTests.swift */,
				2111439522DBE527000323BF /* Info.plist */,
			);
			path = PillBuddiesTests;
			sourceTree = "<group>";
		};
		9A495013475BD6475003BD44 /* Frameworks */ = {
			isa = PBXGroup;
			children = (
				EC76BBE9233EF73500CFD814 /* DesignSystem.framework */,
				EC9506AF234A5EFA00DEC97F /* DesignSystem.framework */,
				EC74C9A12339A7DF00C5CE79 /* DesignSystem.framework */,
				4F496EF5E1BB785F4BF39D97 /* Pods_PillBuddies.framework */,
				D69C136AA7AF612FF2DF5523 /* Pods_PillBuddiesTests.framework */,
			);
			name = Frameworks;
			sourceTree = "<group>";
		};
		EA437A8FA47D8282CC29AF35 /* Pods */ = {
			isa = PBXGroup;
			children = (
				54FDDC760DF0900B8118300E /* Pods-PillBuddies.debug.xcconfig */,
				5ECDEDA76ACBD6F61465FC02 /* Pods-PillBuddies.release.xcconfig */,
				98994288CA409313B7152E30 /* Pods-PillBuddiesTests.debug.xcconfig */,
				F53197B993DE2E230D426368 /* Pods-PillBuddiesTests.release.xcconfig */,
			);
			path = Pods;
			sourceTree = "<group>";
		};
		EC6D0EE3232C19CD00EC4DDE /* fonts */ = {
			isa = PBXGroup;
			children = (
				EC6D0EEC232C19D500EC4DDE /* Roboto-Black.ttf */,
				EC6D0EEB232C19D500EC4DDE /* Roboto-BlackItalic.ttf */,
				EC6D0EEE232C19D500EC4DDE /* Roboto-Bold.ttf */,
				EC6D0EE4232C19D500EC4DDE /* Roboto-BoldItalic.ttf */,
				EC6D0EE5232C19D500EC4DDE /* Roboto-Light.ttf */,
				EC6D0EE6232C19D500EC4DDE /* Roboto-LightItalic.ttf */,
				EC6D0EE9232C19D500EC4DDE /* Roboto-Medium.ttf */,
				EC6D0EE7232C19D500EC4DDE /* Roboto-MediumItalic.ttf */,
				EC6D0EED232C19D500EC4DDE /* Roboto-Regular.ttf */,
				EC6D0EEF232C19D500EC4DDE /* Roboto-RegularItalic.ttf */,
				EC6D0EE8232C19D500EC4DDE /* Roboto-Thin.ttf */,
				EC6D0EEA232C19D500EC4DDE /* Roboto-ThinItalic.ttf */,
			);
			path = fonts;
			sourceTree = "<group>";
		};
		ECCFD55623316A4B007A6A64 /* SVGAssets */ = {
			isa = PBXGroup;
			children = (
				EC245E8C2332CD7E0017A258 /* format_list_bulleted.svg */,
				EC245E8D2332CD7E0017A258 /* graph-v2.svg */,
				EC245E8A2332CD7E0017A258 /* lightbulb_outline.svg */,
				EC245E8B2332CD7E0017A258 /* search.svg */,
				ECCFD554233165CF007A6A64 /* pill-v5.svg */,
				EC6241132335129C00AAA0EE /* account_circle.svg */,
				EC6241142335129C00AAA0EE /* settings.svg */,
				EC6241152335129C00AAA0EE /* stars.svg */,
			);
			path = SVGAssets;
			sourceTree = "<group>";
		};
/* End PBXGroup section */

/* Begin PBXNativeTarget section */
		2111437A22DBE526000323BF /* PillBuddies */ = {
			isa = PBXNativeTarget;
			buildConfigurationList = 2111439822DBE527000323BF /* Build configuration list for PBXNativeTarget "PillBuddies" */;
			buildPhases = (
				1F2FE40A6931B890FAE6EC17 /* [CP] Check Pods Manifest.lock */,
				2111437722DBE526000323BF /* Sources */,
				2111437822DBE526000323BF /* Frameworks */,
				2111437922DBE526000323BF /* Resources */,
				FAEFA1F4E4FE4C3C1E1E1889 /* [CP] Embed Pods Frameworks */,
				EC9506B2234A5EFA00DEC97F /* Embed Frameworks */,
			);
			buildRules = (
			);
			dependencies = (
			);
			name = PillBuddies;
			productName = PillBuddies;
			productReference = 2111437B22DBE526000323BF /* PillBuddies.app */;
			productType = "com.apple.product-type.application";
		};
		2111438E22DBE527000323BF /* PillBuddiesTests */ = {
			isa = PBXNativeTarget;
			buildConfigurationList = 2111439B22DBE527000323BF /* Build configuration list for PBXNativeTarget "PillBuddiesTests" */;
			buildPhases = (
				B571D7093279BADAF88296F5 /* [CP] Check Pods Manifest.lock */,
				2111438B22DBE527000323BF /* Sources */,
				2111438C22DBE527000323BF /* Frameworks */,
				2111438D22DBE527000323BF /* Resources */,
			);
			buildRules = (
			);
			dependencies = (
				2111439122DBE527000323BF /* PBXTargetDependency */,
			);
			name = PillBuddiesTests;
			productName = PillBuddiesTests;
			productReference = 2111438F22DBE527000323BF /* PillBuddiesTests.xctest */;
			productType = "com.apple.product-type.bundle.unit-test";
		};
/* End PBXNativeTarget section */

/* Begin PBXProject section */
		2111437322DBE526000323BF /* Project object */ = {
			isa = PBXProject;
			attributes = {
				LastSwiftUpdateCheck = 1010;
				LastUpgradeCheck = 1010;
				ORGANIZATIONNAME = "Pill Buddies";
				TargetAttributes = {
					2111437A22DBE526000323BF = {
						CreatedOnToolsVersion = 10.1;
						LastSwiftMigration = 1030;
					};
					2111438E22DBE527000323BF = {
						CreatedOnToolsVersion = 10.1;
						LastSwiftMigration = 1030;
						TestTargetID = 2111437A22DBE526000323BF;
					};
				};
			};
			buildConfigurationList = 2111437622DBE526000323BF /* Build configuration list for PBXProject "PillBuddies" */;
			compatibilityVersion = "Xcode 8.0";
			developmentRegion = en;
			hasScannedForEncodings = 0;
			knownRegions = (
				en,
				Base,
			);
			mainGroup = 2111437222DBE526000323BF;
			productRefGroup = 2111437C22DBE526000323BF /* Products */;
			projectDirPath = "";
			projectRoot = "";
			targets = (
				2111437A22DBE526000323BF /* PillBuddies */,
				2111438E22DBE527000323BF /* PillBuddiesTests */,
			);
		};
/* End PBXProject section */

/* Begin PBXResourcesBuildPhase section */
		2111437922DBE526000323BF /* Resources */ = {
			isa = PBXResourcesBuildPhase;
			buildActionMask = 2147483647;
			files = (
				EC245E902332CD7E0017A258 /* format_list_bulleted.svg in Resources */,
				EC6D0EF4232C1CE200EC4DDE /* Roboto-BoldItalic.ttf in Resources */,
				EC6D0EF9232C1CE200EC4DDE /* Roboto-Regular.ttf in Resources */,
				2111438622DBE527000323BF /* Assets.xcassets in Resources */,
				EC6D0EF6232C1CE200EC4DDE /* Roboto-LightItalic.ttf in Resources */,
				2111438422DBE526000323BF /* Main.storyboard in Resources */,
				ECCFD55523316A36007A6A64 /* pill-v5.svg in Resources */,
				EC6D0EF3232C1CE200EC4DDE /* Roboto-BlackItalic.ttf in Resources */,
				EC245E912332CD7E0017A258 /* graph-v2.svg in Resources */,
				EC6D0EF5232C1CE200EC4DDE /* Roboto-Light.ttf in Resources */,
				EC6241162335129D00AAA0EE /* account_circle.svg in Resources */,
				EC6D0EF8232C1CE200EC4DDE /* Roboto-MediumItalic.ttf in Resources */,
				EC245E8F2332CD7E0017A258 /* search.svg in Resources */,
				EC6D0EF0232C1CD800EC4DDE /* Roboto-Bold.ttf in Resources */,
				EC6241182335129D00AAA0EE /* stars.svg in Resources */,
				EC6241172335129D00AAA0EE /* settings.svg in Resources */,
				EC6D0EF2232C1CDC00EC4DDE /* Roboto-Black.ttf in Resources */,
				EC6D0EFC232C1CE200EC4DDE /* Roboto-ThinItalic.ttf in Resources */,
				EC6D0EFA232C1CE200EC4DDE /* Roboto-RegularItalic.ttf in Resources */,
				EC6D0EFB232C1CE200EC4DDE /* Roboto-Thin.ttf in Resources */,
				EC6D0EF7232C1CE200EC4DDE /* Roboto-Medium.ttf in Resources */,
				EC245E8E2332CD7E0017A258 /* lightbulb_outline.svg in Resources */,
			);
			runOnlyForDeploymentPostprocessing = 0;
		};
		2111438D22DBE527000323BF /* Resources */ = {
			isa = PBXResourcesBuildPhase;
			buildActionMask = 2147483647;
			files = (
			);
			runOnlyForDeploymentPostprocessing = 0;
		};
/* End PBXResourcesBuildPhase section */

/* Begin PBXShellScriptBuildPhase section */
		1F2FE40A6931B890FAE6EC17 /* [CP] Check Pods Manifest.lock */ = {
			isa = PBXShellScriptBuildPhase;
			buildActionMask = 2147483647;
			files = (
			);
			inputFileListPaths = (
			);
			inputPaths = (
				"${PODS_PODFILE_DIR_PATH}/Podfile.lock",
				"${PODS_ROOT}/Manifest.lock",
			);
			name = "[CP] Check Pods Manifest.lock";
			outputFileListPaths = (
			);
			outputPaths = (
				"$(DERIVED_FILE_DIR)/Pods-PillBuddies-checkManifestLockResult.txt",
			);
			runOnlyForDeploymentPostprocessing = 0;
			shellPath = /bin/sh;
			shellScript = "diff \"${PODS_PODFILE_DIR_PATH}/Podfile.lock\" \"${PODS_ROOT}/Manifest.lock\" > /dev/null\nif [ $? != 0 ] ; then\n    # print error to STDERR\n    echo \"error: The sandbox is not in sync with the Podfile.lock. Run 'pod install' or update your CocoaPods installation.\" >&2\n    exit 1\nfi\n# This output is used by Xcode 'outputs' to avoid re-running this script phase.\necho \"SUCCESS\" > \"${SCRIPT_OUTPUT_FILE_0}\"\n";
			showEnvVarsInLog = 0;
		};
		B571D7093279BADAF88296F5 /* [CP] Check Pods Manifest.lock */ = {
			isa = PBXShellScriptBuildPhase;
			buildActionMask = 2147483647;
			files = (
			);
			inputFileListPaths = (
			);
			inputPaths = (
				"${PODS_PODFILE_DIR_PATH}/Podfile.lock",
				"${PODS_ROOT}/Manifest.lock",
			);
			name = "[CP] Check Pods Manifest.lock";
			outputFileListPaths = (
			);
			outputPaths = (
				"$(DERIVED_FILE_DIR)/Pods-PillBuddiesTests-checkManifestLockResult.txt",
			);
			runOnlyForDeploymentPostprocessing = 0;
			shellPath = /bin/sh;
			shellScript = "diff \"${PODS_PODFILE_DIR_PATH}/Podfile.lock\" \"${PODS_ROOT}/Manifest.lock\" > /dev/null\nif [ $? != 0 ] ; then\n    # print error to STDERR\n    echo \"error: The sandbox is not in sync with the Podfile.lock. Run 'pod install' or update your CocoaPods installation.\" >&2\n    exit 1\nfi\n# This output is used by Xcode 'outputs' to avoid re-running this script phase.\necho \"SUCCESS\" > \"${SCRIPT_OUTPUT_FILE_0}\"\n";
			showEnvVarsInLog = 0;
		};
		FAEFA1F4E4FE4C3C1E1E1889 /* [CP] Embed Pods Frameworks */ = {
			isa = PBXShellScriptBuildPhase;
			buildActionMask = 2147483647;
			files = (
			);
			inputFileListPaths = (
				"${PODS_ROOT}/Target Support Files/Pods-PillBuddies/Pods-PillBuddies-frameworks-${CONFIGURATION}-input-files.xcfilelist",
			);
			name = "[CP] Embed Pods Frameworks";
			outputFileListPaths = (
				"${PODS_ROOT}/Target Support Files/Pods-PillBuddies/Pods-PillBuddies-frameworks-${CONFIGURATION}-output-files.xcfilelist",
			);
			runOnlyForDeploymentPostprocessing = 0;
			shellPath = /bin/sh;
			shellScript = "\"${PODS_ROOT}/Target Support Files/Pods-PillBuddies/Pods-PillBuddies-frameworks.sh\"\n";
			showEnvVarsInLog = 0;
		};
/* End PBXShellScriptBuildPhase section */

/* Begin PBXSourcesBuildPhase section */
		2111437722DBE526000323BF /* Sources */ = {
			isa = PBXSourcesBuildPhase;
			buildActionMask = 2147483647;
			files = (
				EC62411C2335161000AAA0EE /* GraphsController.swift in Sources */,
				EC6D0EC72329A31C00EC4DDE /* TabBarController.swift in Sources */,
				EC6D0ECF232A7E1D00EC4DDE /* Extensions.swift in Sources */,
				EC6D0ECB2329C44700EC4DDE /* DashboardController.swift in Sources */,
				EC6D0ED2232A82EB00EC4DDE /* NavBarController.swift in Sources */,
				EC62411A233515D300AAA0EE /* RecommendationsController.swift in Sources */,
				EC8BB0A023301B6F00A46A76 /* BaseViewController.swift in Sources */,
				2111438122DBE526000323BF /* MedicationController.swift in Sources */,
				EC62411E2335163400AAA0EE /* SearchController.swift in Sources */,
				EC3759F9233E975E0088465F /* pillPals.xcdatamodeld in Sources */,
				EC6D0ECD2329D23600EC4DDE /* HistoryController.swift in Sources */,
				EC62412023351ABC00AAA0EE /* DismissSegue.swift in Sources */,
				2111437F22DBE526000323BF /* AppDelegate.swift in Sources */,
			);
			runOnlyForDeploymentPostprocessing = 0;
		};
		2111438B22DBE527000323BF /* Sources */ = {
			isa = PBXSourcesBuildPhase;
			buildActionMask = 2147483647;
			files = (
				2111439422DBE527000323BF /* PillBuddiesTests.swift in Sources */,
				EC6D0ED0232A7F1B00EC4DDE /* Extensions.swift in Sources */,
			);
			runOnlyForDeploymentPostprocessing = 0;
		};
/* End PBXSourcesBuildPhase section */

/* Begin PBXTargetDependency section */
		2111439122DBE527000323BF /* PBXTargetDependency */ = {
			isa = PBXTargetDependency;
			target = 2111437A22DBE526000323BF /* PillBuddies */;
			targetProxy = 2111439022DBE527000323BF /* PBXContainerItemProxy */;
		};
/* End PBXTargetDependency section */

/* Begin PBXVariantGroup section */
		2111438222DBE526000323BF /* Main.storyboard */ = {
			isa = PBXVariantGroup;
			children = (
				2111438322DBE526000323BF /* Base */,
			);
			name = Main.storyboard;
			sourceTree = "<group>";
		};
/* End PBXVariantGroup section */

/* Begin XCBuildConfiguration section */
		2111439622DBE527000323BF /* Debug */ = {
			isa = XCBuildConfiguration;
			buildSettings = {
				ALWAYS_SEARCH_USER_PATHS = NO;
				CLANG_ANALYZER_NONNULL = YES;
				CLANG_ANALYZER_NUMBER_OBJECT_CONVERSION = YES_AGGRESSIVE;
				CLANG_CXX_LANGUAGE_STANDARD = "gnu++14";
				CLANG_CXX_LIBRARY = "libc++";
				CLANG_ENABLE_MODULES = YES;
				CLANG_ENABLE_OBJC_ARC = YES;
				CLANG_ENABLE_OBJC_WEAK = YES;
				CLANG_WARN_BLOCK_CAPTURE_AUTORELEASING = YES;
				CLANG_WARN_BOOL_CONVERSION = YES;
				CLANG_WARN_COMMA = YES;
				CLANG_WARN_CONSTANT_CONVERSION = YES;
				CLANG_WARN_DEPRECATED_OBJC_IMPLEMENTATIONS = YES;
				CLANG_WARN_DIRECT_OBJC_ISA_USAGE = YES_ERROR;
				CLANG_WARN_DOCUMENTATION_COMMENTS = YES;
				CLANG_WARN_EMPTY_BODY = YES;
				CLANG_WARN_ENUM_CONVERSION = YES;
				CLANG_WARN_INFINITE_RECURSION = YES;
				CLANG_WARN_INT_CONVERSION = YES;
				CLANG_WARN_NON_LITERAL_NULL_CONVERSION = YES;
				CLANG_WARN_OBJC_IMPLICIT_RETAIN_SELF = YES;
				CLANG_WARN_OBJC_LITERAL_CONVERSION = YES;
				CLANG_WARN_OBJC_ROOT_CLASS = YES_ERROR;
				CLANG_WARN_RANGE_LOOP_ANALYSIS = YES;
				CLANG_WARN_STRICT_PROTOTYPES = YES;
				CLANG_WARN_SUSPICIOUS_MOVE = YES;
				CLANG_WARN_UNGUARDED_AVAILABILITY = YES_AGGRESSIVE;
				CLANG_WARN_UNREACHABLE_CODE = YES;
				CLANG_WARN__DUPLICATE_METHOD_MATCH = YES;
				CODE_SIGN_IDENTITY = "iPhone Developer";
				COPY_PHASE_STRIP = NO;
				DEBUG_INFORMATION_FORMAT = dwarf;
				ENABLE_STRICT_OBJC_MSGSEND = YES;
				ENABLE_TESTABILITY = YES;
				GCC_C_LANGUAGE_STANDARD = gnu11;
				GCC_DYNAMIC_NO_PIC = NO;
				GCC_NO_COMMON_BLOCKS = YES;
				GCC_OPTIMIZATION_LEVEL = 0;
				GCC_PREPROCESSOR_DEFINITIONS = (
					"DEBUG=1",
					"$(inherited)",
				);
				GCC_WARN_64_TO_32_BIT_CONVERSION = YES;
				GCC_WARN_ABOUT_RETURN_TYPE = YES_ERROR;
				GCC_WARN_UNDECLARED_SELECTOR = YES;
				GCC_WARN_UNINITIALIZED_AUTOS = YES_AGGRESSIVE;
				GCC_WARN_UNUSED_FUNCTION = YES;
				GCC_WARN_UNUSED_VARIABLE = YES;
				IPHONEOS_DEPLOYMENT_TARGET = 10.2;
				MTL_ENABLE_DEBUG_INFO = INCLUDE_SOURCE;
				MTL_FAST_MATH = YES;
				ONLY_ACTIVE_ARCH = YES;
				SDKROOT = iphoneos;
				SWIFT_ACTIVE_COMPILATION_CONDITIONS = DEBUG;
				SWIFT_OPTIMIZATION_LEVEL = "-Onone";
			};
			name = Debug;
		};
		2111439722DBE527000323BF /* Release */ = {
			isa = XCBuildConfiguration;
			buildSettings = {
				ALWAYS_SEARCH_USER_PATHS = NO;
				CLANG_ANALYZER_NONNULL = YES;
				CLANG_ANALYZER_NUMBER_OBJECT_CONVERSION = YES_AGGRESSIVE;
				CLANG_CXX_LANGUAGE_STANDARD = "gnu++14";
				CLANG_CXX_LIBRARY = "libc++";
				CLANG_ENABLE_MODULES = YES;
				CLANG_ENABLE_OBJC_ARC = YES;
				CLANG_ENABLE_OBJC_WEAK = YES;
				CLANG_WARN_BLOCK_CAPTURE_AUTORELEASING = YES;
				CLANG_WARN_BOOL_CONVERSION = YES;
				CLANG_WARN_COMMA = YES;
				CLANG_WARN_CONSTANT_CONVERSION = YES;
				CLANG_WARN_DEPRECATED_OBJC_IMPLEMENTATIONS = YES;
				CLANG_WARN_DIRECT_OBJC_ISA_USAGE = YES_ERROR;
				CLANG_WARN_DOCUMENTATION_COMMENTS = YES;
				CLANG_WARN_EMPTY_BODY = YES;
				CLANG_WARN_ENUM_CONVERSION = YES;
				CLANG_WARN_INFINITE_RECURSION = YES;
				CLANG_WARN_INT_CONVERSION = YES;
				CLANG_WARN_NON_LITERAL_NULL_CONVERSION = YES;
				CLANG_WARN_OBJC_IMPLICIT_RETAIN_SELF = YES;
				CLANG_WARN_OBJC_LITERAL_CONVERSION = YES;
				CLANG_WARN_OBJC_ROOT_CLASS = YES_ERROR;
				CLANG_WARN_RANGE_LOOP_ANALYSIS = YES;
				CLANG_WARN_STRICT_PROTOTYPES = YES;
				CLANG_WARN_SUSPICIOUS_MOVE = YES;
				CLANG_WARN_UNGUARDED_AVAILABILITY = YES_AGGRESSIVE;
				CLANG_WARN_UNREACHABLE_CODE = YES;
				CLANG_WARN__DUPLICATE_METHOD_MATCH = YES;
				CODE_SIGN_IDENTITY = "iPhone Developer";
				COPY_PHASE_STRIP = NO;
				DEBUG_INFORMATION_FORMAT = "dwarf-with-dsym";
				ENABLE_NS_ASSERTIONS = NO;
				ENABLE_STRICT_OBJC_MSGSEND = YES;
				GCC_C_LANGUAGE_STANDARD = gnu11;
				GCC_NO_COMMON_BLOCKS = YES;
				GCC_WARN_64_TO_32_BIT_CONVERSION = YES;
				GCC_WARN_ABOUT_RETURN_TYPE = YES_ERROR;
				GCC_WARN_UNDECLARED_SELECTOR = YES;
				GCC_WARN_UNINITIALIZED_AUTOS = YES_AGGRESSIVE;
				GCC_WARN_UNUSED_FUNCTION = YES;
				GCC_WARN_UNUSED_VARIABLE = YES;
				IPHONEOS_DEPLOYMENT_TARGET = 10.2;
				MTL_ENABLE_DEBUG_INFO = NO;
				MTL_FAST_MATH = YES;
				SDKROOT = iphoneos;
				SWIFT_COMPILATION_MODE = wholemodule;
				SWIFT_OPTIMIZATION_LEVEL = "-O";
				VALIDATE_PRODUCT = YES;
			};
			name = Release;
		};
		2111439922DBE527000323BF /* Debug */ = {
			isa = XCBuildConfiguration;
			baseConfigurationReference = 54FDDC760DF0900B8118300E /* Pods-PillBuddies.debug.xcconfig */;
			buildSettings = {
				ASSETCATALOG_COMPILER_APPICON_NAME = AppIcon;
				CLANG_ENABLE_MODULES = YES;
				CODE_SIGN_STYLE = Automatic;
				DEVELOPMENT_TEAM = B6G37G32MJ;
				INFOPLIST_FILE = PillBuddies/Info.plist;
				LD_RUNPATH_SEARCH_PATHS = (
					"$(inherited)",
					"@executable_path/Frameworks",
				);
				PRODUCT_BUNDLE_IDENTIFIER = pillpals.PillPals;
				PRODUCT_NAME = "$(TARGET_NAME)";
				SWIFT_OBJC_BRIDGING_HEADER = "PillBuddies/PillBuddies-Bridging-Header.h";
				SWIFT_OPTIMIZATION_LEVEL = "-Onone";
				SWIFT_VERSION = 5.0;
				TARGETED_DEVICE_FAMILY = "1,2";
			};
			name = Debug;
		};
		2111439A22DBE527000323BF /* Release */ = {
			isa = XCBuildConfiguration;
			baseConfigurationReference = 5ECDEDA76ACBD6F61465FC02 /* Pods-PillBuddies.release.xcconfig */;
			buildSettings = {
				ASSETCATALOG_COMPILER_APPICON_NAME = AppIcon;
				CLANG_ENABLE_MODULES = YES;
				CODE_SIGN_STYLE = Automatic;
				DEVELOPMENT_TEAM = B6G37G32MJ;
				INFOPLIST_FILE = PillBuddies/Info.plist;
				LD_RUNPATH_SEARCH_PATHS = (
					"$(inherited)",
					"@executable_path/Frameworks",
				);
				PRODUCT_BUNDLE_IDENTIFIER = pillpals.PillPals;
				PRODUCT_NAME = "$(TARGET_NAME)";
				SWIFT_OBJC_BRIDGING_HEADER = "PillBuddies/PillBuddies-Bridging-Header.h";
				SWIFT_VERSION = 5.0;
				TARGETED_DEVICE_FAMILY = "1,2";
			};
			name = Release;
		};
		2111439C22DBE527000323BF /* Debug */ = {
			isa = XCBuildConfiguration;
			baseConfigurationReference = 98994288CA409313B7152E30 /* Pods-PillBuddiesTests.debug.xcconfig */;
			buildSettings = {
				ALWAYS_EMBED_SWIFT_STANDARD_LIBRARIES = YES;
				BUNDLE_LOADER = "$(TEST_HOST)";
				CODE_SIGN_STYLE = Automatic;
				DEVELOPMENT_TEAM = B6G37G32MJ;
				INFOPLIST_FILE = PillBuddiesTests/Info.plist;
				LD_RUNPATH_SEARCH_PATHS = (
					"$(inherited)",
					"@executable_path/Frameworks",
					"@loader_path/Frameworks",
				);
				PRODUCT_BUNDLE_IDENTIFIER = pillbuddies.PillBuddiesTests;
				PRODUCT_NAME = "$(TARGET_NAME)";
				SWIFT_VERSION = 5.0;
				TARGETED_DEVICE_FAMILY = "1,2";
				TEST_HOST = "$(BUILT_PRODUCTS_DIR)/PillBuddies.app/PillBuddies";
			};
			name = Debug;
		};
		2111439D22DBE527000323BF /* Release */ = {
			isa = XCBuildConfiguration;
			baseConfigurationReference = F53197B993DE2E230D426368 /* Pods-PillBuddiesTests.release.xcconfig */;
			buildSettings = {
				ALWAYS_EMBED_SWIFT_STANDARD_LIBRARIES = YES;
				BUNDLE_LOADER = "$(TEST_HOST)";
				CODE_SIGN_STYLE = Automatic;
				DEVELOPMENT_TEAM = B6G37G32MJ;
				INFOPLIST_FILE = PillBuddiesTests/Info.plist;
				LD_RUNPATH_SEARCH_PATHS = (
					"$(inherited)",
					"@executable_path/Frameworks",
					"@loader_path/Frameworks",
				);
				PRODUCT_BUNDLE_IDENTIFIER = pillbuddies.PillBuddiesTests;
				PRODUCT_NAME = "$(TARGET_NAME)";
				SWIFT_VERSION = 5.0;
				TARGETED_DEVICE_FAMILY = "1,2";
				TEST_HOST = "$(BUILT_PRODUCTS_DIR)/PillBuddies.app/PillBuddies";
			};
			name = Release;
		};
/* End XCBuildConfiguration section */

/* Begin XCConfigurationList section */
		2111437622DBE526000323BF /* Build configuration list for PBXProject "PillBuddies" */ = {
			isa = XCConfigurationList;
			buildConfigurations = (
				2111439622DBE527000323BF /* Debug */,
				2111439722DBE527000323BF /* Release */,
			);
			defaultConfigurationIsVisible = 0;
			defaultConfigurationName = Release;
		};
		2111439822DBE527000323BF /* Build configuration list for PBXNativeTarget "PillBuddies" */ = {
			isa = XCConfigurationList;
			buildConfigurations = (
				2111439922DBE527000323BF /* Debug */,
				2111439A22DBE527000323BF /* Release */,
			);
			defaultConfigurationIsVisible = 0;
			defaultConfigurationName = Release;
		};
		2111439B22DBE527000323BF /* Build configuration list for PBXNativeTarget "PillBuddiesTests" */ = {
			isa = XCConfigurationList;
			buildConfigurations = (
				2111439C22DBE527000323BF /* Debug */,
				2111439D22DBE527000323BF /* Release */,
			);
			defaultConfigurationIsVisible = 0;
			defaultConfigurationName = Release;
		};
/* End XCConfigurationList section */

/* Begin XCVersionGroup section */
		EC3759F7233E975E0088465F /* pillPals.xcdatamodeld */ = {
			isa = XCVersionGroup;
			children = (
				EC3759F8233E975E0088465F /* pillPals.xcdatamodel */,
			);
			currentVersion = EC3759F8233E975E0088465F /* pillPals.xcdatamodel */;
			path = pillPals.xcdatamodeld;
			sourceTree = "<group>";
			versionGroupType = wrapper.xcdatamodel;
		};
/* End XCVersionGroup section */
	};
	rootObject = 2111437322DBE526000323BF /* Project object */;
}
